
Microsoft Visual Studio Solution File, Format Version 12.00
# Visual Studio Version 17
VisualStudioVersion = 17.6.33829.357
MinimumVisualStudioVersion = 10.0.40219.1
Project("{8BC9CEB8-8B4A-11D0-8D11-00A0C91BC942}") = "BOJ_16972", "BOJ_16972\BOJ_16972.vcxproj", "{F722995D-4A0F-43F6-B664-3DAFF447BEB6}"
EndProject
Global
	GlobalSection(SolutionConfigurationPlatforms) = preSolution
		Debug|x64 = Debug|x64
		Release|x64 = Release|x64
	EndGlobalSection
	GlobalSection(ProjectConfigurationPlatforms) = postSolution
		{F722995D-4A0F-43F6-B664-3DAFF447BEB6}.Debug|x64.ActiveCfg = Debug|x64
		{F722995D-4A0F-43F6-B664-3DAFF447BEB6}.Debug|x64.Build.0 = Debug|x64
		{F722995D-4A0F-43F6-B664-3DAFF447BEB6}.Release|x64.ActiveCfg = Release|x64
		{F722995D-4A0F-43F6-B664-3DAFF447BEB6}.Release|x64.Build.0 = Release|x64
	EndGlobalSection
	GlobalSection(SolutionProperties) = preSolution
		HideSolutionNode = FALSE
	EndGlobalSection
	GlobalSection(ExtensibilityGlobals) = postSolution
		SolutionGuid = {A81D9096-99E0-4AFC-A9AD-3186C876A932}
	EndGlobalSection
EndGlobal
